
Microsoft Visual Studio Solution File, Format Version 12.00
# Visual Studio Version 16
VisualStudioVersion = 16.0.30804.86
MinimumVisualStudioVersion = 10.0.40219.1
Project("{FAE04EC0-301F-11D3-BF4B-00C04F79EFBC}") = "1_Matrix", "1_Matrix\1_Matrix.csproj", "{045C2D8F-711F-476A-88BE-3EB535DA4816}"
EndProject
Global
	GlobalSection(SolutionConfigurationPlatforms) = preSolution
		Debug|Any CPU = Debug|Any CPU
		Release|Any CPU = Release|Any CPU
	EndGlobalSection
	GlobalSection(ProjectConfigurationPlatforms) = postSolution
		{045C2D8F-711F-476A-88BE-3EB535DA4816}.Debug|Any CPU.ActiveCfg = Debug|Any CPU
		{045C2D8F-711F-476A-88BE-3EB535DA4816}.Debug|Any CPU.Build.0 = Debug|Any CPU
		{045C2D8F-711F-476A-88BE-3EB535DA4816}.Release|Any CPU.ActiveCfg = Release|Any CPU
		{045C2D8F-711F-476A-88BE-3EB535DA4816}.Release|Any CPU.Build.0 = Release|Any CPU
	EndGlobalSection
	GlobalSection(SolutionProperties) = preSolution
		HideSolutionNode = FALSE
	EndGlobalSection
	GlobalSection(ExtensibilityGlobals) = postSolution
		SolutionGuid = {5005F155-C268-4A66-A840-2ED2F02F023D}
	EndGlobalSection
EndGlobal
